<?xml version="1.0" encoding="utf-8"?>
<Project ToolsVersion="4.0" xmlns="http://schemas.microsoft.com/developer/msbuild/2003">
  <ItemGroup>
    <ClInclude Include="inc\Meta\MetaClass.h">
      <Filter>inc\Meta</Filter>
    </ClInclude>
    <ClInclude Include="inc\Meta\MetaDeclare.h">
      <Filter>inc\Meta</Filter>
    </ClInclude>
    <ClInclude Include="inc\Meta\MetaIO.h">
      <Filter>inc\Meta</Filter>
    </ClInclude>
    <ClInclude Include="inc\Meta\MetaJsonIO.h">
      <Filter>inc\Meta</Filter>
    </ClInclude>
    <ClInclude Include="inc\Meta\Meta.h">
      <Filter>inc\Meta</Filter>
    </ClInclude>
    <ClInclude Include="inc\Meta\MetaType.h">
      <Filter>inc\Meta</Filter>
    </ClInclude>
    <ClInclude Include="inc\stdx\algorithm.h">
      <Filter>inc\stdx</Filter>
    </ClInclude>
    <ClInclude Include="inc\stdx\array2.h">
      <Filter>inc\stdx</Filter>
    </ClInclude>
    <ClInclude Include="inc\stdx\assert.h">
      <Filter>inc\stdx</Filter>
    </ClInclude>
    <ClInclude Include="inc\stdx\bit.h">
      <Filter>inc\stdx</Filter>
    </ClInclude>
    <ClInclude Include="inc\stdx\container.h">
      <Filter>inc\stdx</Filter>
    </ClInclude>
    <ClInclude Include="inc\stdx\ctype.h">
      <Filter>inc\stdx</Filter>
    </ClInclude>
    <ClInclude Include="inc\stdx\enum.h">
      <Filter>inc\stdx</Filter>
    </ClInclude>
    <ClInclude Include="inc\stdx\fixed_string.h">
      <Filter>inc\stdx</Filter>
    </ClInclude>
    <ClInclude Include="inc\stdx\flat_map.h">
      <Filter>inc\stdx</Filter>
    </ClInclude>
    <ClInclude Include="inc\stdx\flat_set.h">
      <Filter>inc\stdx</Filter>
    </ClInclude>
    <ClInclude Include="inc\stdx\format.h">
      <Filter>inc\stdx</Filter>
    </ClInclude>
    <ClInclude Include="inc\stdx\int.h">
      <Filter>inc\stdx</Filter>
    </ClInclude>
    <ClInclude Include="inc\stdx\math.h">
      <Filter>inc\stdx</Filter>
    </ClInclude>
    <ClInclude Include="inc\stdx\memory.h">
      <Filter>inc\stdx</Filter>
    </ClInclude>
    <ClInclude Include="inc\stdx\reflection.h">
      <Filter>inc\stdx</Filter>
    </ClInclude>
    <ClInclude Include="inc\stdx\simple_map.h">
      <Filter>inc\stdx</Filter>
    </ClInclude>
    <ClInclude Include="inc\stdx\span.h">
      <Filter>inc\stdx</Filter>
    </ClInclude>
    <ClInclude Include="inc\stdx\string.h">
      <Filter>inc\stdx</Filter>
    </ClInclude>
    <ClInclude Include="inc\stdx\type_traits.h">
      <Filter>inc\stdx</Filter>
    </ClInclude>
    <ClInclude Include="inc\stdx\vector_s.h">
      <Filter>inc\stdx</Filter>
    </ClInclude>
    <ClInclude Include="inc\Math\Colour.h">
      <Filter>inc\Math</Filter>
    </ClInclude>
    <ClInclude Include="inc\stdx\basic_int.h">
      <Filter>inc\stdx</Filter>
    </ClInclude>
    <ClInclude Include="inc\Math\Vector2.h">
      <Filter>inc\Math</Filter>
    </ClInclude>
    <ClInclude Include="inc\stdx\random.h">
      <Filter>inc\stdx</Filter>
    </ClInclude>
    <ClInclude Include="inc\EventSink.h">
      <Filter>inc</Filter>
    </ClInclude>
    <ClInclude Include="inc\stdx\utility.h">
      <Filter>inc\stdx</Filter>
    </ClInclude>
    <ClInclude Include="inc\stdx\priority_queue.h">
      <Filter>inc\stdx</Filter>
    </ClInclude>
    <ClInclude Include="inc\stdx\thread_pool.h">
      <Filter>inc\stdx</Filter>
    </ClInclude>
    <ClInclude Include="inc\Math\Vector3.h">
      <Filter>inc\Math</Filter>
    </ClInclude>
    <ClInclude Include="inc\UniqueId.h">
      <Filter>inc</Filter>
    </ClInclude>
    <ClInclude Include="inc\stdx\zstring_view.h">
      <Filter>inc\stdx</Filter>
    </ClInclude>
    <ClInclude Include="inc\stdx\dynamic_array.h">
      <Filter>inc\stdx</Filter>
    </ClInclude>
    <ClInclude Include="inc\stdx\iterator.h">
      <Filter>inc\stdx</Filter>
    </ClInclude>
    <ClInclude Include="inc\stdx\slot_map.h">
      <Filter>inc\stdx</Filter>
    </ClInclude>
    <ClInclude Include="inc\Math\FixedPoint.h">
      <Filter>inc\Math</Filter>
    </ClInclude>
    <ClInclude Include="inc\stdx\bounded.h">
      <Filter>inc\stdx</Filter>
    </ClInclude>
    <ClInclude Include="inc\stdx\array.h">
      <Filter>inc\stdx</Filter>
    </ClInclude>
    <ClInclude Include="inc\Profiler.h">
      <Filter>inc</Filter>
    </ClInclude>
    <ClInclude Include="inc\Meta\MetaEnum.h">
      <Filter>inc\Meta</Filter>
    </ClInclude>
    <ClInclude Include="inc\Meta\MetaPrimitive.h">
      <Filter>inc\Meta</Filter>
    </ClInclude>
    <ClInclude Include="inc\Meta\MetaList.h">
      <Filter>inc\Meta</Filter>
    </ClInclude>
    <ClInclude Include="inc\Meta\MetaString.h">
      <Filter>inc\Meta</Filter>
    </ClInclude>
    <ClInclude Include="inc\Meta\MetaMap.h">
      <Filter>inc\Meta</Filter>
    </ClInclude>
    <ClInclude Include="inc\Meta\MetaSet.h">
      <Filter>inc\Meta</Filter>
    </ClInclude>
    <ClInclude Include="inc\Meta\MetaPointer.h">
      <Filter>inc\Meta</Filter>
    </ClInclude>
    <ClInclude Include="inc\stdx\sorted_map_range.h">
      <Filter>inc\stdx</Filter>
    </ClInclude>
    <ClInclude Include="inc\stdx\json.h">
      <Filter>inc\stdx</Filter>
    </ClInclude>
    <ClInclude Include="inc\stdx\any.h">
      <Filter>inc\stdx</Filter>
    </ClInclude>
    <ClInclude Include="inc\Name.h">
      <Filter>inc</Filter>
    </ClInclude>
    <ClInclude Include="inc\stdx\ptr_string.h">
      <Filter>inc\stdx</Filter>
    </ClInclude>
    <ClInclude Include="inc\ByteIO.h">
      <Filter>inc</Filter>
    </ClInclude>
    <ClInclude Include="inc\Meta\MetaExport.h">
      <Filter>inc\Meta</Filter>
    </ClInclude>
    <ClInclude Include="inc\ObjectPool.h">
      <Filter>inc</Filter>
    </ClInclude>
    <ClInclude Include="inc\Math\Matrix.h">
      <Filter>inc\Math</Filter>
    </ClInclude>
    <ClInclude Include="inc\Math\Transform.h">
      <Filter>inc\Math</Filter>
    </ClInclude>
    <ClInclude Include="inc\Math\Forwards.h">
      <Filter>inc\Math</Filter>
    </ClInclude>
    <ClInclude Include="inc\stdx\ranges.h">
      <Filter>inc\stdx</Filter>
    </ClInclude>
    <ClInclude Include="inc\stdx\concepts.h">
      <Filter>inc\stdx</Filter>
    </ClInclude>
    <ClInclude Include="inc\Math\Camera.h">
      <Filter>inc\Math</Filter>
    </ClInclude>
    <ClInclude Include="inc\stdx\iterator\zip_iterator.h">
      <Filter>inc\stdx\iterators</Filter>
    </ClInclude>
    <ClInclude Include="inc\stdx\iterator\basic_iterator.h">
      <Filter>inc\stdx\iterators</Filter>
    </ClInclude>
    <ClInclude Include="inc\stdx\iterator\filter_iterator.h">
      <Filter>inc\stdx\iterators</Filter>
    </ClInclude>
  </ItemGroup>
  <ItemGroup>
    <ClCompile Include="src\Profiler.cpp">
      <Filter>src</Filter>
    </ClCompile>
    <ClCompile Include="src\Meta\MetaClass.cpp">
      <Filter>src\Meta</Filter>
    </ClCompile>
    <ClCompile Include="src\Name.cpp">
      <Filter>src</Filter>
    </ClCompile>
    <ClCompile Include="src\ByteIO.cpp">
      <Filter>src</Filter>
    </ClCompile>
    <ClCompile Include="src\Meta\MetaExport.cpp">
      <Filter>src\Meta</Filter>
    </ClCompile>
    <ClCompile Include="src\Meta\MetaPrimitive.cpp">
      <Filter>src\Meta</Filter>
    </ClCompile>
  </ItemGroup>
  <ItemGroup>
    <Filter Include="inc">
      <UniqueIdentifier>{62336878-7788-4b78-bad6-50b2db8fa55e}</UniqueIdentifier>
    </Filter>
    <Filter Include="src">
      <UniqueIdentifier>{24f3513f-7be3-42f9-855e-779cfe805515}</UniqueIdentifier>
    </Filter>
    <Filter Include="inc\Meta">
      <UniqueIdentifier>{296bcb05-6f16-4745-9afc-d57104f124ae}</UniqueIdentifier>
    </Filter>
    <Filter Include="src\Meta">
      <UniqueIdentifier>{a11ba262-5349-41bf-b226-473760709443}</UniqueIdentifier>
    </Filter>
    <Filter Include="inc\stdx">
      <UniqueIdentifier>{cf678387-25bf-48fb-9ef2-4e0156983da4}</UniqueIdentifier>
    </Filter>
    <Filter Include="inc\Math">
      <UniqueIdentifier>{6186f04f-5b31-41e9-b203-6515a698220a}</UniqueIdentifier>
    </Filter>
    <Filter Include="src\stdx">
      <UniqueIdentifier>{a38696c0-71b3-481b-b901-9a6053586774}</UniqueIdentifier>
    </Filter>
    <Filter Include="inc\stdx\iterators">
      <UniqueIdentifier>{6c4b9011-6129-424a-9739-64f0177d0310}</UniqueIdentifier>
    </Filter>
  </ItemGroup>
</Project>